Microsoft Visual Studio Solution File, Format Version 12.00
# Visual Studio Version 17
VisualStudioVersion = 17.5.2.0
MinimumVisualStudioVersion = 10.0.40219.1
Project("{2150E333-8FDC-42A3-9474-1A3956D46DE8}") = "src", "src", "{827E0CD3-B72D-47B6-A68D-7590B98EB39B}"
EndProject
Project("{FAE04EC0-301F-11D3-BF4B-00C04F79EFBC}") = "Backend", "src\Backend\Backend.csproj", "{1A54C3FC-900B-AAEA-3502-101EF4241700}"
EndProject
Project("{FAE04EC0-301F-11D3-BF4B-00C04F79EFBC}") = "Synchronizer", "src\Synchronizer\Synchronizer.csproj", "{ADE52CDE-A526-A6CD-B4DA-BE4136905D1F}"
EndProject
Global
	GlobalSection(SolutionConfigurationPlatforms) = preSolution
		Debug|Any CPU = Debug|Any CPU
		Release|Any CPU = Release|Any CPU
	EndGlobalSection
	GlobalSection(ProjectConfigurationPlatforms) = postSolution
		{1A54C3FC-900B-AAEA-3502-101EF4241700}.Debug|Any CPU.ActiveCfg = Debug|Any CPU
		{1A54C3FC-900B-AAEA-3502-101EF4241700}.Debug|Any CPU.Build.0 = Debug|Any CPU
		{1A54C3FC-900B-AAEA-3502-101EF4241700}.Release|Any CPU.ActiveCfg = Release|Any CPU
		{1A54C3FC-900B-AAEA-3502-101EF4241700}.Release|Any CPU.Build.0 = Release|Any CPU
		{ADE52CDE-A526-A6CD-B4DA-BE4136905D1F}.Debug|Any CPU.ActiveCfg = Debug|Any CPU
		{ADE52CDE-A526-A6CD-B4DA-BE4136905D1F}.Debug|Any CPU.Build.0 = Debug|Any CPU
		{ADE52CDE-A526-A6CD-B4DA-BE4136905D1F}.Release|Any CPU.ActiveCfg = Release|Any CPU
		{ADE52CDE-A526-A6CD-B4DA-BE4136905D1F}.Release|Any CPU.Build.0 = Release|Any CPU
	EndGlobalSection
	GlobalSection(SolutionProperties) = preSolution
		HideSolutionNode = FALSE
	EndGlobalSection
	GlobalSection(NestedProjects) = preSolution
		{1A54C3FC-900B-AAEA-3502-101EF4241700} = {827E0CD3-B72D-47B6-A68D-7590B98EB39B}
		{ADE52CDE-A526-A6CD-B4DA-BE4136905D1F} = {827E0CD3-B72D-47B6-A68D-7590B98EB39B}
	EndGlobalSection
	GlobalSection(ExtensibilityGlobals) = postSolution
		SolutionGuid = {4616E715-EE81-4855-918C-DC915A5305C3}
	EndGlobalSection
EndGlobal
